
Microsoft Visual Studio Solution File, Format Version 12.00
# Visual Studio Version 17
VisualStudioVersion = 17.2.32616.157
MinimumVisualStudioVersion = 10.0.40219.1
Project("{FAE04EC0-301F-11D3-BF4B-00C04F79EFBC}") = "SnappTest", "SnappTest\SnappTest.csproj", "{6B4B151A-9E21-441D-9B97-4E79D338C8A1}"
EndProject
Global
	GlobalSection(SolutionConfigurationPlatforms) = preSolution
		Debug|Any CPU = Debug|Any CPU
		Release|Any CPU = Release|Any CPU
	EndGlobalSection
	GlobalSection(ProjectConfigurationPlatforms) = postSolution
		{6B4B151A-9E21-441D-9B97-4E79D338C8A1}.Debug|Any CPU.ActiveCfg = Debug|Any CPU
		{6B4B151A-9E21-441D-9B97-4E79D338C8A1}.Debug|Any CPU.Build.0 = Debug|Any CPU
		{6B4B151A-9E21-441D-9B97-4E79D338C8A1}.Release|Any CPU.ActiveCfg = Release|Any CPU
		{6B4B151A-9E21-441D-9B97-4E79D338C8A1}.Release|Any CPU.Build.0 = Release|Any CPU
	EndGlobalSection
	GlobalSection(SolutionProperties) = preSolution
		HideSolutionNode = FALSE
	EndGlobalSection
	GlobalSection(ExtensibilityGlobals) = postSolution
		SolutionGuid = {F0B6DAC6-4F51-4C07-81DB-8BFE0693A963}
	EndGlobalSection
EndGlobal
